
Microsoft Visual Studio Solution File, Format Version 12.00
# Visual Studio Version 17
VisualStudioVersion = 17.0.31903.59
MinimumVisualStudioVersion = 10.0.40219.1
Project("{2150E333-8FDC-42A3-9474-1A3956D46DE8}") = "shared", "shared", "{4F52FD11-658E-A102-6CD3-7D7C16FFA15B}"
EndProject
Project("{2150E333-8FDC-42A3-9474-1A3956D46DE8}") = "backend", "backend", "{CCDFF5E8-7928-85AD-BE6A-3DEBDB9A65A3}"
EndProject
Project("{FAE04EC0-301F-11D3-BF4B-00C04F79EFBC}") = "LanguageWise.Shared.Api", "shared\backend\LanguageWise.Shared.Api\LanguageWise.Shared.Api.csproj", "{B9F93C04-41DE-47A2-BFE6-AF17F8C08A7A}"
EndProject
Project("{2150E333-8FDC-42A3-9474-1A3956D46DE8}") = "database", "database", "{B7CBAC9C-9C7C-B494-5807-32D9AB93D325}"
EndProject
Project("{FAE04EC0-301F-11D3-BF4B-00C04F79EFBC}") = "LanguageWise.Shared.Db", "shared\database\LanguageWise.Shared.Db\LanguageWise.Shared.Db.csproj", "{B5D01F3B-B5D2-4A40-8757-69E7CC16B644}"
EndProject
Project("{2150E333-8FDC-42A3-9474-1A3956D46DE8}") = "tests", "tests", "{252BF088-76D5-E31C-DF08-248CF22F93A1}"
EndProject
Project("{FAE04EC0-301F-11D3-BF4B-00C04F79EFBC}") = "LanguageWise.Shared.Api.Tests", "shared\tests\LanguageWise.Shared.Api.Tests\LanguageWise.Shared.Api.Tests.csproj", "{60EAECAE-DAC7-4B72-A02B-D6DA98F74C2E}"
EndProject
Project("{2150E333-8FDC-42A3-9474-1A3956D46DE8}") = "student-1", "student-1", "{29D32214-2079-75AA-EF17-0424BCFD9110}"
EndProject
Project("{2150E333-8FDC-42A3-9474-1A3956D46DE8}") = "backend", "backend", "{C96BDDF0-0AEC-3BE5-E0BE-9BBD7D9C5E6B}"
EndProject
Project("{FAE04EC0-301F-11D3-BF4B-00C04F79EFBC}") = "LanguageWise.Student1.Api", "student-1\backend\LanguageWise.Student1.Api\LanguageWise.Student1.Api.csproj", "{6E6CCA00-6787-4203-833C-1A5AB719A88C}"
EndProject
Project("{2150E333-8FDC-42A3-9474-1A3956D46DE8}") = "database", "database", "{1FCAD899-34D9-91C5-ED1B-780A4BA94449}"
EndProject
Project("{FAE04EC0-301F-11D3-BF4B-00C04F79EFBC}") = "LanguageWise.Student1.Db", "student-1\database\LanguageWise.Student1.Db\LanguageWise.Student1.Db.csproj", "{40E81F11-163F-4C86-AC12-4944BBEC09F1}"
EndProject
Project("{2150E333-8FDC-42A3-9474-1A3956D46DE8}") = "tests", "tests", "{B913921E-83B3-8D97-1401-0E9DFB772469}"
EndProject
Project("{FAE04EC0-301F-11D3-BF4B-00C04F79EFBC}") = "LanguageWise.Student1.Api.Tests", "student-1\tests\LanguageWise.Student1.Api.Tests\LanguageWise.Student1.Api.Tests.csproj", "{75D1A16D-E268-4BB6-8517-B30BE916FDBE}"
EndProject
Project("{2150E333-8FDC-42A3-9474-1A3956D46DE8}") = "student-2", "student-2", "{83CBC5B4-3F28-E248-783F-9139B0F9C9FC}"
EndProject
Project("{2150E333-8FDC-42A3-9474-1A3956D46DE8}") = "backend", "backend", "{4B52D914-9108-475C-D60A-EF31F31994EB}"
EndProject
Project("{FAE04EC0-301F-11D3-BF4B-00C04F79EFBC}") = "LanguageWise.Student2.Api", "student-2\backend\LanguageWise.Student2.Api\LanguageWise.Student2.Api.csproj", "{72B4DAE4-EB48-4E0E-A82A-C6FAA8A9178A}"
EndProject
Project("{2150E333-8FDC-42A3-9474-1A3956D46DE8}") = "database", "database", "{9840865C-67F8-967F-A55B-D2BCC085AA3D}"
EndProject
Project("{FAE04EC0-301F-11D3-BF4B-00C04F79EFBC}") = "LanguageWise.Student2.Db", "student-2\database\LanguageWise.Student2.Db\LanguageWise.Student2.Db.csproj", "{E340DBEB-12E5-4FA0-A58C-8CBAB16720C9}"
EndProject
Project("{2150E333-8FDC-42A3-9474-1A3956D46DE8}") = "tests", "tests", "{CAC8091A-5FC4-5033-4F84-97E764C35482}"
EndProject
Project("{FAE04EC0-301F-11D3-BF4B-00C04F79EFBC}") = "LanguageWise.Student2.Api.Tests", "student-2\tests\LanguageWise.Student2.Api.Tests\LanguageWise.Student2.Api.Tests.csproj", "{E35879C7-A172-4DD2-99AC-5C2AE2858B14}"
EndProject
Project("{2150E333-8FDC-42A3-9474-1A3956D46DE8}") = "student-3", "student-3", "{8649D740-6EDB-32D0-EF10-25489DD5C296}"
EndProject
Project("{2150E333-8FDC-42A3-9474-1A3956D46DE8}") = "backend", "backend", "{89C18D54-5123-F20E-C936-47A14EAE78EE}"
EndProject
Project("{FAE04EC0-301F-11D3-BF4B-00C04F79EFBC}") = "LanguageWise.Student3.Api", "student-3\backend\LanguageWise.Student3.Api\LanguageWise.Student3.Api.csproj", "{CA1E7066-FDA6-4C73-A013-786AD36B07A6}"
EndProject
Project("{2150E333-8FDC-42A3-9474-1A3956D46DE8}") = "database", "database", "{3981AE25-65BB-3270-F33B-CA7F3CBA820D}"
EndProject
Project("{FAE04EC0-301F-11D3-BF4B-00C04F79EFBC}") = "LanguageWise.Student3.Db", "student-3\database\LanguageWise.Student3.Db\LanguageWise.Student3.Db.csproj", "{1964A103-BF4F-4025-9128-0F84E30BF9AF}"
EndProject
Project("{2150E333-8FDC-42A3-9474-1A3956D46DE8}") = "tests", "tests", "{A02D1DB7-5F87-A098-EE03-9D986C003F8D}"
EndProject
Project("{FAE04EC0-301F-11D3-BF4B-00C04F79EFBC}") = "LanguageWise.Student3.Api.Tests", "student-3\tests\LanguageWise.Student3.Api.Tests\LanguageWise.Student3.Api.Tests.csproj", "{AAF5FAE7-FB09-4A5F-94A8-0A5ED95A2769}"
EndProject
Project("{2150E333-8FDC-42A3-9474-1A3956D46DE8}") = "student-4", "student-4", "{2872C57C-0A6A-5974-E2F3-47EE2F97822D}"
EndProject
Project("{2150E333-8FDC-42A3-9474-1A3956D46DE8}") = "backend", "backend", "{DE037F90-9D42-6B67-682B-05894027C123}"
EndProject
Project("{FAE04EC0-301F-11D3-BF4B-00C04F79EFBC}") = "LanguageWise.Student4.Api", "student-4\backend\LanguageWise.Student4.Api\LanguageWise.Student4.Api.csproj", "{B8962FEA-8B33-405D-A2C3-A7FF32541426}"
EndProject
Project("{2150E333-8FDC-42A3-9474-1A3956D46DE8}") = "database", "database", "{09D68147-6983-047E-61AB-E4DE26EBBFC8}"
EndProject
Project("{FAE04EC0-301F-11D3-BF4B-00C04F79EFBC}") = "LanguageWise.Student4.Db", "student-4\database\LanguageWise.Student4.Db\LanguageWise.Student4.Db.csproj", "{2D4763A3-F648-4C1B-A962-4AA3A4F13A90}"
EndProject
Project("{2150E333-8FDC-42A3-9474-1A3956D46DE8}") = "tests", "tests", "{92BBD074-5287-FBC1-9269-932679AABE94}"
EndProject
Project("{FAE04EC0-301F-11D3-BF4B-00C04F79EFBC}") = "LanguageWise.Student4.Api.Tests", "student-4\tests\LanguageWise.Student4.Api.Tests\LanguageWise.Student4.Api.Tests.csproj", "{C4E2744C-443B-405D-9AD1-224CEF3A7BF0}"
EndProject
Project("{2150E333-8FDC-42A3-9474-1A3956D46DE8}") = "student-5", "student-5", "{9807E72F-FC47-1774-BC4C-DDC481348634}"
EndProject
Project("{2150E333-8FDC-42A3-9474-1A3956D46DE8}") = "backend", "backend", "{73E9C1DF-C184-A022-1F18-5B27E3B01EA5}"
EndProject
Project("{FAE04EC0-301F-11D3-BF4B-00C04F79EFBC}") = "LanguageWise.Student5.Api", "student-5\backend\LanguageWise.Student5.Api\LanguageWise.Student5.Api.csproj", "{565E5FA7-5F86-4741-A76E-C95215112971}"
EndProject
Project("{2150E333-8FDC-42A3-9474-1A3956D46DE8}") = "database", "database", "{719DCE6F-AED7-F8C7-D04A-B6B4E6474A0A}"
EndProject
Project("{FAE04EC0-301F-11D3-BF4B-00C04F79EFBC}") = "LanguageWise.Student5.Db", "student-5\database\LanguageWise.Student5.Db\LanguageWise.Student5.Db.csproj", "{89492629-92D3-4CF0-8869-97522D5B8133}"
EndProject
Project("{2150E333-8FDC-42A3-9474-1A3956D46DE8}") = "tests", "tests", "{BC3FA5C0-D148-459F-5EF3-CE29C4C6A6CB}"
EndProject
Project("{FAE04EC0-301F-11D3-BF4B-00C04F79EFBC}") = "LanguageWise.Student5.Api.Tests", "student-5\tests\LanguageWise.Student5.Api.Tests\LanguageWise.Student5.Api.Tests.csproj", "{B164DDD6-7B11-487B-A4AB-FDADA0BCE12E}"
EndProject
Global
	GlobalSection(SolutionConfigurationPlatforms) = preSolution
		Debug|Any CPU = Debug|Any CPU
		Debug|x64 = Debug|x64
		Debug|x86 = Debug|x86
		Release|Any CPU = Release|Any CPU
		Release|x64 = Release|x64
		Release|x86 = Release|x86
	EndGlobalSection
	GlobalSection(ProjectConfigurationPlatforms) = postSolution
		{B9F93C04-41DE-47A2-BFE6-AF17F8C08A7A}.Debug|Any CPU.ActiveCfg = Debug|Any CPU
		{B9F93C04-41DE-47A2-BFE6-AF17F8C08A7A}.Debug|Any CPU.Build.0 = Debug|Any CPU
		{B9F93C04-41DE-47A2-BFE6-AF17F8C08A7A}.Debug|x64.ActiveCfg = Debug|Any CPU
		{B9F93C04-41DE-47A2-BFE6-AF17F8C08A7A}.Debug|x64.Build.0 = Debug|Any CPU
		{B9F93C04-41DE-47A2-BFE6-AF17F8C08A7A}.Debug|x86.ActiveCfg = Debug|Any CPU
		{B9F93C04-41DE-47A2-BFE6-AF17F8C08A7A}.Debug|x86.Build.0 = Debug|Any CPU
		{B9F93C04-41DE-47A2-BFE6-AF17F8C08A7A}.Release|Any CPU.ActiveCfg = Release|Any CPU
		{B9F93C04-41DE-47A2-BFE6-AF17F8C08A7A}.Release|Any CPU.Build.0 = Release|Any CPU
		{B9F93C04-41DE-47A2-BFE6-AF17F8C08A7A}.Release|x64.ActiveCfg = Release|Any CPU
		{B9F93C04-41DE-47A2-BFE6-AF17F8C08A7A}.Release|x64.Build.0 = Release|Any CPU
		{B9F93C04-41DE-47A2-BFE6-AF17F8C08A7A}.Release|x86.ActiveCfg = Release|Any CPU
		{B9F93C04-41DE-47A2-BFE6-AF17F8C08A7A}.Release|x86.Build.0 = Release|Any CPU
		{B5D01F3B-B5D2-4A40-8757-69E7CC16B644}.Debug|Any CPU.ActiveCfg = Debug|Any CPU
		{B5D01F3B-B5D2-4A40-8757-69E7CC16B644}.Debug|Any CPU.Build.0 = Debug|Any CPU
		{B5D01F3B-B5D2-4A40-8757-69E7CC16B644}.Debug|x64.ActiveCfg = Debug|Any CPU
		{B5D01F3B-B5D2-4A40-8757-69E7CC16B644}.Debug|x64.Build.0 = Debug|Any CPU
		{B5D01F3B-B5D2-4A40-8757-69E7CC16B644}.Debug|x86.ActiveCfg = Debug|Any CPU
		{B5D01F3B-B5D2-4A40-8757-69E7CC16B644}.Debug|x86.Build.0 = Debug|Any CPU
		{B5D01F3B-B5D2-4A40-8757-69E7CC16B644}.Release|Any CPU.ActiveCfg = Release|Any CPU
		{B5D01F3B-B5D2-4A40-8757-69E7CC16B644}.Release|Any CPU.Build.0 = Release|Any CPU
		{B5D01F3B-B5D2-4A40-8757-69E7CC16B644}.Release|x64.ActiveCfg = Release|Any CPU
		{B5D01F3B-B5D2-4A40-8757-69E7CC16B644}.Release|x64.Build.0 = Release|Any CPU
		{B5D01F3B-B5D2-4A40-8757-69E7CC16B644}.Release|x86.ActiveCfg = Release|Any CPU
		{B5D01F3B-B5D2-4A40-8757-69E7CC16B644}.Release|x86.Build.0 = Release|Any CPU
		{60EAECAE-DAC7-4B72-A02B-D6DA98F74C2E}.Debug|Any CPU.ActiveCfg = Debug|Any CPU
		{60EAECAE-DAC7-4B72-A02B-D6DA98F74C2E}.Debug|Any CPU.Build.0 = Debug|Any CPU
		{60EAECAE-DAC7-4B72-A02B-D6DA98F74C2E}.Debug|x64.ActiveCfg = Debug|Any CPU
		{60EAECAE-DAC7-4B72-A02B-D6DA98F74C2E}.Debug|x64.Build.0 = Debug|Any CPU
		{60EAECAE-DAC7-4B72-A02B-D6DA98F74C2E}.Debug|x86.ActiveCfg = Debug|Any CPU
		{60EAECAE-DAC7-4B72-A02B-D6DA98F74C2E}.Debug|x86.Build.0 = Debug|Any CPU
		{60EAECAE-DAC7-4B72-A02B-D6DA98F74C2E}.Release|Any CPU.ActiveCfg = Release|Any CPU
		{60EAECAE-DAC7-4B72-A02B-D6DA98F74C2E}.Release|Any CPU.Build.0 = Release|Any CPU
		{60EAECAE-DAC7-4B72-A02B-D6DA98F74C2E}.Release|x64.ActiveCfg = Release|Any CPU
		{60EAECAE-DAC7-4B72-A02B-D6DA98F74C2E}.Release|x64.Build.0 = Release|Any CPU
		{60EAECAE-DAC7-4B72-A02B-D6DA98F74C2E}.Release|x86.ActiveCfg = Release|Any CPU
		{60EAECAE-DAC7-4B72-A02B-D6DA98F74C2E}.Release|x86.Build.0 = Release|Any CPU
		{6E6CCA00-6787-4203-833C-1A5AB719A88C}.Debug|Any CPU.ActiveCfg = Debug|Any CPU
		{6E6CCA00-6787-4203-833C-1A5AB719A88C}.Debug|Any CPU.Build.0 = Debug|Any CPU
		{6E6CCA00-6787-4203-833C-1A5AB719A88C}.Debug|x64.ActiveCfg = Debug|Any CPU
		{6E6CCA00-6787-4203-833C-1A5AB719A88C}.Debug|x64.Build.0 = Debug|Any CPU
		{6E6CCA00-6787-4203-833C-1A5AB719A88C}.Debug|x86.ActiveCfg = Debug|Any CPU
		{6E6CCA00-6787-4203-833C-1A5AB719A88C}.Debug|x86.Build.0 = Debug|Any CPU
		{6E6CCA00-6787-4203-833C-1A5AB719A88C}.Release|Any CPU.ActiveCfg = Release|Any CPU
		{6E6CCA00-6787-4203-833C-1A5AB719A88C}.Release|Any CPU.Build.0 = Release|Any CPU
		{6E6CCA00-6787-4203-833C-1A5AB719A88C}.Release|x64.ActiveCfg = Release|Any CPU
		{6E6CCA00-6787-4203-833C-1A5AB719A88C}.Release|x64.Build.0 = Release|Any CPU
		{6E6CCA00-6787-4203-833C-1A5AB719A88C}.Release|x86.ActiveCfg = Release|Any CPU
		{6E6CCA00-6787-4203-833C-1A5AB719A88C}.Release|x86.Build.0 = Release|Any CPU
		{40E81F11-163F-4C86-AC12-4944BBEC09F1}.Debug|Any CPU.ActiveCfg = Debug|Any CPU
		{40E81F11-163F-4C86-AC12-4944BBEC09F1}.Debug|Any CPU.Build.0 = Debug|Any CPU
		{40E81F11-163F-4C86-AC12-4944BBEC09F1}.Debug|x64.ActiveCfg = Debug|Any CPU
		{40E81F11-163F-4C86-AC12-4944BBEC09F1}.Debug|x64.Build.0 = Debug|Any CPU
		{40E81F11-163F-4C86-AC12-4944BBEC09F1}.Debug|x86.ActiveCfg = Debug|Any CPU
		{40E81F11-163F-4C86-AC12-4944BBEC09F1}.Debug|x86.Build.0 = Debug|Any CPU
		{40E81F11-163F-4C86-AC12-4944BBEC09F1}.Release|Any CPU.ActiveCfg = Release|Any CPU
		{40E81F11-163F-4C86-AC12-4944BBEC09F1}.Release|Any CPU.Build.0 = Release|Any CPU
		{40E81F11-163F-4C86-AC12-4944BBEC09F1}.Release|x64.ActiveCfg = Release|Any CPU
		{40E81F11-163F-4C86-AC12-4944BBEC09F1}.Release|x64.Build.0 = Release|Any CPU
		{40E81F11-163F-4C86-AC12-4944BBEC09F1}.Release|x86.ActiveCfg = Release|Any CPU
		{40E81F11-163F-4C86-AC12-4944BBEC09F1}.Release|x86.Build.0 = Release|Any CPU
		{75D1A16D-E268-4BB6-8517-B30BE916FDBE}.Debug|Any CPU.ActiveCfg = Debug|Any CPU
		{75D1A16D-E268-4BB6-8517-B30BE916FDBE}.Debug|Any CPU.Build.0 = Debug|Any CPU
		{75D1A16D-E268-4BB6-8517-B30BE916FDBE}.Debug|x64.ActiveCfg = Debug|Any CPU
		{75D1A16D-E268-4BB6-8517-B30BE916FDBE}.Debug|x64.Build.0 = Debug|Any CPU
		{75D1A16D-E268-4BB6-8517-B30BE916FDBE}.Debug|x86.ActiveCfg = Debug|Any CPU
		{75D1A16D-E268-4BB6-8517-B30BE916FDBE}.Debug|x86.Build.0 = Debug|Any CPU
		{75D1A16D-E268-4BB6-8517-B30BE916FDBE}.Release|Any CPU.ActiveCfg = Release|Any CPU
		{75D1A16D-E268-4BB6-8517-B30BE916FDBE}.Release|Any CPU.Build.0 = Release|Any CPU
		{75D1A16D-E268-4BB6-8517-B30BE916FDBE}.Release|x64.ActiveCfg = Release|Any CPU
		{75D1A16D-E268-4BB6-8517-B30BE916FDBE}.Release|x64.Build.0 = Release|Any CPU
		{75D1A16D-E268-4BB6-8517-B30BE916FDBE}.Release|x86.ActiveCfg = Release|Any CPU
		{75D1A16D-E268-4BB6-8517-B30BE916FDBE}.Release|x86.Build.0 = Release|Any CPU
		{72B4DAE4-EB48-4E0E-A82A-C6FAA8A9178A}.Debug|Any CPU.ActiveCfg = Debug|Any CPU
		{72B4DAE4-EB48-4E0E-A82A-C6FAA8A9178A}.Debug|Any CPU.Build.0 = Debug|Any CPU
		{72B4DAE4-EB48-4E0E-A82A-C6FAA8A9178A}.Debug|x64.ActiveCfg = Debug|Any CPU
		{72B4DAE4-EB48-4E0E-A82A-C6FAA8A9178A}.Debug|x64.Build.0 = Debug|Any CPU
		{72B4DAE4-EB48-4E0E-A82A-C6FAA8A9178A}.Debug|x86.ActiveCfg = Debug|Any CPU
		{72B4DAE4-EB48-4E0E-A82A-C6FAA8A9178A}.Debug|x86.Build.0 = Debug|Any CPU
		{72B4DAE4-EB48-4E0E-A82A-C6FAA8A9178A}.Release|Any CPU.ActiveCfg = Release|Any CPU
		{72B4DAE4-EB48-4E0E-A82A-C6FAA8A9178A}.Release|Any CPU.Build.0 = Release|Any CPU
		{72B4DAE4-EB48-4E0E-A82A-C6FAA8A9178A}.Release|x64.ActiveCfg = Release|Any CPU
		{72B4DAE4-EB48-4E0E-A82A-C6FAA8A9178A}.Release|x64.Build.0 = Release|Any CPU
		{72B4DAE4-EB48-4E0E-A82A-C6FAA8A9178A}.Release|x86.ActiveCfg = Release|Any CPU
		{72B4DAE4-EB48-4E0E-A82A-C6FAA8A9178A}.Release|x86.Build.0 = Release|Any CPU
		{E340DBEB-12E5-4FA0-A58C-8CBAB16720C9}.Debug|Any CPU.ActiveCfg = Debug|Any CPU
		{E340DBEB-12E5-4FA0-A58C-8CBAB16720C9}.Debug|Any CPU.Build.0 = Debug|Any CPU
		{E340DBEB-12E5-4FA0-A58C-8CBAB16720C9}.Debug|x64.ActiveCfg = Debug|Any CPU
		{E340DBEB-12E5-4FA0-A58C-8CBAB16720C9}.Debug|x64.Build.0 = Debug|Any CPU
		{E340DBEB-12E5-4FA0-A58C-8CBAB16720C9}.Debug|x86.ActiveCfg = Debug|Any CPU
		{E340DBEB-12E5-4FA0-A58C-8CBAB16720C9}.Debug|x86.Build.0 = Debug|Any CPU
		{E340DBEB-12E5-4FA0-A58C-8CBAB16720C9}.Release|Any CPU.ActiveCfg = Release|Any CPU
		{E340DBEB-12E5-4FA0-A58C-8CBAB16720C9}.Release|Any CPU.Build.0 = Release|Any CPU
		{E340DBEB-12E5-4FA0-A58C-8CBAB16720C9}.Release|x64.ActiveCfg = Release|Any CPU
		{E340DBEB-12E5-4FA0-A58C-8CBAB16720C9}.Release|x64.Build.0 = Release|Any CPU
		{E340DBEB-12E5-4FA0-A58C-8CBAB16720C9}.Release|x86.ActiveCfg = Release|Any CPU
		{E340DBEB-12E5-4FA0-A58C-8CBAB16720C9}.Release|x86.Build.0 = Release|Any CPU
		{E35879C7-A172-4DD2-99AC-5C2AE2858B14}.Debug|Any CPU.ActiveCfg = Debug|Any CPU
		{E35879C7-A172-4DD2-99AC-5C2AE2858B14}.Debug|Any CPU.Build.0 = Debug|Any CPU
		{E35879C7-A172-4DD2-99AC-5C2AE2858B14}.Debug|x64.ActiveCfg = Debug|Any CPU
		{E35879C7-A172-4DD2-99AC-5C2AE2858B14}.Debug|x64.Build.0 = Debug|Any CPU
		{E35879C7-A172-4DD2-99AC-5C2AE2858B14}.Debug|x86.ActiveCfg = Debug|Any CPU
		{E35879C7-A172-4DD2-99AC-5C2AE2858B14}.Debug|x86.Build.0 = Debug|Any CPU
		{E35879C7-A172-4DD2-99AC-5C2AE2858B14}.Release|Any CPU.ActiveCfg = Release|Any CPU
		{E35879C7-A172-4DD2-99AC-5C2AE2858B14}.Release|Any CPU.Build.0 = Release|Any CPU
		{E35879C7-A172-4DD2-99AC-5C2AE2858B14}.Release|x64.ActiveCfg = Release|Any CPU
		{E35879C7-A172-4DD2-99AC-5C2AE2858B14}.Release|x64.Build.0 = Release|Any CPU
		{E35879C7-A172-4DD2-99AC-5C2AE2858B14}.Release|x86.ActiveCfg = Release|Any CPU
		{E35879C7-A172-4DD2-99AC-5C2AE2858B14}.Release|x86.Build.0 = Release|Any CPU
		{CA1E7066-FDA6-4C73-A013-786AD36B07A6}.Debug|Any CPU.ActiveCfg = Debug|Any CPU
		{CA1E7066-FDA6-4C73-A013-786AD36B07A6}.Debug|Any CPU.Build.0 = Debug|Any CPU
		{CA1E7066-FDA6-4C73-A013-786AD36B07A6}.Debug|x64.ActiveCfg = Debug|Any CPU
		{CA1E7066-FDA6-4C73-A013-786AD36B07A6}.Debug|x64.Build.0 = Debug|Any CPU
		{CA1E7066-FDA6-4C73-A013-786AD36B07A6}.Debug|x86.ActiveCfg = Debug|Any CPU
		{CA1E7066-FDA6-4C73-A013-786AD36B07A6}.Debug|x86.Build.0 = Debug|Any CPU
		{CA1E7066-FDA6-4C73-A013-786AD36B07A6}.Release|Any CPU.ActiveCfg = Release|Any CPU
		{CA1E7066-FDA6-4C73-A013-786AD36B07A6}.Release|Any CPU.Build.0 = Release|Any CPU
		{CA1E7066-FDA6-4C73-A013-786AD36B07A6}.Release|x64.ActiveCfg = Release|Any CPU
		{CA1E7066-FDA6-4C73-A013-786AD36B07A6}.Release|x64.Build.0 = Release|Any CPU
		{CA1E7066-FDA6-4C73-A013-786AD36B07A6}.Release|x86.ActiveCfg = Release|Any CPU
		{CA1E7066-FDA6-4C73-A013-786AD36B07A6}.Release|x86.Build.0 = Release|Any CPU
		{1964A103-BF4F-4025-9128-0F84E30BF9AF}.Debug|Any CPU.ActiveCfg = Debug|Any CPU
		{1964A103-BF4F-4025-9128-0F84E30BF9AF}.Debug|Any CPU.Build.0 = Debug|Any CPU
		{1964A103-BF4F-4025-9128-0F84E30BF9AF}.Debug|x64.ActiveCfg = Debug|Any CPU
		{1964A103-BF4F-4025-9128-0F84E30BF9AF}.Debug|x64.Build.0 = Debug|Any CPU
		{1964A103-BF4F-4025-9128-0F84E30BF9AF}.Debug|x86.ActiveCfg = Debug|Any CPU
		{1964A103-BF4F-4025-9128-0F84E30BF9AF}.Debug|x86.Build.0 = Debug|Any CPU
		{1964A103-BF4F-4025-9128-0F84E30BF9AF}.Release|Any CPU.ActiveCfg = Release|Any CPU
		{1964A103-BF4F-4025-9128-0F84E30BF9AF}.Release|Any CPU.Build.0 = Release|Any CPU
		{1964A103-BF4F-4025-9128-0F84E30BF9AF}.Release|x64.ActiveCfg = Release|Any CPU
		{1964A103-BF4F-4025-9128-0F84E30BF9AF}.Release|x64.Build.0 = Release|Any CPU
		{1964A103-BF4F-4025-9128-0F84E30BF9AF}.Release|x86.ActiveCfg = Release|Any CPU
		{1964A103-BF4F-4025-9128-0F84E30BF9AF}.Release|x86.Build.0 = Release|Any CPU
		{AAF5FAE7-FB09-4A5F-94A8-0A5ED95A2769}.Debug|Any CPU.ActiveCfg = Debug|Any CPU
		{AAF5FAE7-FB09-4A5F-94A8-0A5ED95A2769}.Debug|Any CPU.Build.0 = Debug|Any CPU
		{AAF5FAE7-FB09-4A5F-94A8-0A5ED95A2769}.Debug|x64.ActiveCfg = Debug|Any CPU
		{AAF5FAE7-FB09-4A5F-94A8-0A5ED95A2769}.Debug|x64.Build.0 = Debug|Any CPU
		{AAF5FAE7-FB09-4A5F-94A8-0A5ED95A2769}.Debug|x86.ActiveCfg = Debug|Any CPU
		{AAF5FAE7-FB09-4A5F-94A8-0A5ED95A2769}.Debug|x86.Build.0 = Debug|Any CPU
		{AAF5FAE7-FB09-4A5F-94A8-0A5ED95A2769}.Release|Any CPU.ActiveCfg = Release|Any CPU
		{AAF5FAE7-FB09-4A5F-94A8-0A5ED95A2769}.Release|Any CPU.Build.0 = Release|Any CPU
		{AAF5FAE7-FB09-4A5F-94A8-0A5ED95A2769}.Release|x64.ActiveCfg = Release|Any CPU
		{AAF5FAE7-FB09-4A5F-94A8-0A5ED95A2769}.Release|x64.Build.0 = Release|Any CPU
		{AAF5FAE7-FB09-4A5F-94A8-0A5ED95A2769}.Release|x86.ActiveCfg = Release|Any CPU
		{AAF5FAE7-FB09-4A5F-94A8-0A5ED95A2769}.Release|x86.Build.0 = Release|Any CPU
		{B8962FEA-8B33-405D-A2C3-A7FF32541426}.Debug|Any CPU.ActiveCfg = Debug|Any CPU
		{B8962FEA-8B33-405D-A2C3-A7FF32541426}.Debug|Any CPU.Build.0 = Debug|Any CPU
		{B8962FEA-8B33-405D-A2C3-A7FF32541426}.Debug|x64.ActiveCfg = Debug|Any CPU
		{B8962FEA-8B33-405D-A2C3-A7FF32541426}.Debug|x64.Build.0 = Debug|Any CPU
		{B8962FEA-8B33-405D-A2C3-A7FF32541426}.Debug|x86.ActiveCfg = Debug|Any CPU
		{B8962FEA-8B33-405D-A2C3-A7FF32541426}.Debug|x86.Build.0 = Debug|Any CPU
		{B8962FEA-8B33-405D-A2C3-A7FF32541426}.Release|Any CPU.ActiveCfg = Release|Any CPU
		{B8962FEA-8B33-405D-A2C3-A7FF32541426}.Release|Any CPU.Build.0 = Release|Any CPU
		{B8962FEA-8B33-405D-A2C3-A7FF32541426}.Release|x64.ActiveCfg = Release|Any CPU
		{B8962FEA-8B33-405D-A2C3-A7FF32541426}.Release|x64.Build.0 = Release|Any CPU
		{B8962FEA-8B33-405D-A2C3-A7FF32541426}.Release|x86.ActiveCfg = Release|Any CPU
		{B8962FEA-8B33-405D-A2C3-A7FF32541426}.Release|x86.Build.0 = Release|Any CPU
		{2D4763A3-F648-4C1B-A962-4AA3A4F13A90}.Debug|Any CPU.ActiveCfg = Debug|Any CPU
		{2D4763A3-F648-4C1B-A962-4AA3A4F13A90}.Debug|Any CPU.Build.0 = Debug|Any CPU
		{2D4763A3-F648-4C1B-A962-4AA3A4F13A90}.Debug|x64.ActiveCfg = Debug|Any CPU
		{2D4763A3-F648-4C1B-A962-4AA3A4F13A90}.Debug|x64.Build.0 = Debug|Any CPU
		{2D4763A3-F648-4C1B-A962-4AA3A4F13A90}.Debug|x86.ActiveCfg = Debug|Any CPU
		{2D4763A3-F648-4C1B-A962-4AA3A4F13A90}.Debug|x86.Build.0 = Debug|Any CPU
		{2D4763A3-F648-4C1B-A962-4AA3A4F13A90}.Release|Any CPU.ActiveCfg = Release|Any CPU
		{2D4763A3-F648-4C1B-A962-4AA3A4F13A90}.Release|Any CPU.Build.0 = Release|Any CPU
		{2D4763A3-F648-4C1B-A962-4AA3A4F13A90}.Release|x64.ActiveCfg = Release|Any CPU
		{2D4763A3-F648-4C1B-A962-4AA3A4F13A90}.Release|x64.Build.0 = Release|Any CPU
		{2D4763A3-F648-4C1B-A962-4AA3A4F13A90}.Release|x86.ActiveCfg = Release|Any CPU
		{2D4763A3-F648-4C1B-A962-4AA3A4F13A90}.Release|x86.Build.0 = Release|Any CPU
		{C4E2744C-443B-405D-9AD1-224CEF3A7BF0}.Debug|Any CPU.ActiveCfg = Debug|Any CPU
		{C4E2744C-443B-405D-9AD1-224CEF3A7BF0}.Debug|Any CPU.Build.0 = Debug|Any CPU
		{C4E2744C-443B-405D-9AD1-224CEF3A7BF0}.Debug|x64.ActiveCfg = Debug|Any CPU
		{C4E2744C-443B-405D-9AD1-224CEF3A7BF0}.Debug|x64.Build.0 = Debug|Any CPU
		{C4E2744C-443B-405D-9AD1-224CEF3A7BF0}.Debug|x86.ActiveCfg = Debug|Any CPU
		{C4E2744C-443B-405D-9AD1-224CEF3A7BF0}.Debug|x86.Build.0 = Debug|Any CPU
		{C4E2744C-443B-405D-9AD1-224CEF3A7BF0}.Release|Any CPU.ActiveCfg = Release|Any CPU
		{C4E2744C-443B-405D-9AD1-224CEF3A7BF0}.Release|Any CPU.Build.0 = Release|Any CPU
		{C4E2744C-443B-405D-9AD1-224CEF3A7BF0}.Release|x64.ActiveCfg = Release|Any CPU
		{C4E2744C-443B-405D-9AD1-224CEF3A7BF0}.Release|x64.Build.0 = Release|Any CPU
		{C4E2744C-443B-405D-9AD1-224CEF3A7BF0}.Release|x86.ActiveCfg = Release|Any CPU
		{C4E2744C-443B-405D-9AD1-224CEF3A7BF0}.Release|x86.Build.0 = Release|Any CPU
		{565E5FA7-5F86-4741-A76E-C95215112971}.Debug|Any CPU.ActiveCfg = Debug|Any CPU
		{565E5FA7-5F86-4741-A76E-C95215112971}.Debug|Any CPU.Build.0 = Debug|Any CPU
		{565E5FA7-5F86-4741-A76E-C95215112971}.Debug|x64.ActiveCfg = Debug|Any CPU
		{565E5FA7-5F86-4741-A76E-C95215112971}.Debug|x64.Build.0 = Debug|Any CPU
		{565E5FA7-5F86-4741-A76E-C95215112971}.Debug|x86.ActiveCfg = Debug|Any CPU
		{565E5FA7-5F86-4741-A76E-C95215112971}.Debug|x86.Build.0 = Debug|Any CPU
		{565E5FA7-5F86-4741-A76E-C95215112971}.Release|Any CPU.ActiveCfg = Release|Any CPU
		{565E5FA7-5F86-4741-A76E-C95215112971}.Release|Any CPU.Build.0 = Release|Any CPU
		{565E5FA7-5F86-4741-A76E-C95215112971}.Release|x64.ActiveCfg = Release|Any CPU
		{565E5FA7-5F86-4741-A76E-C95215112971}.Release|x64.Build.0 = Release|Any CPU
		{565E5FA7-5F86-4741-A76E-C95215112971}.Release|x86.ActiveCfg = Release|Any CPU
		{565E5FA7-5F86-4741-A76E-C95215112971}.Release|x86.Build.0 = Release|Any CPU
		{89492629-92D3-4CF0-8869-97522D5B8133}.Debug|Any CPU.ActiveCfg = Debug|Any CPU
		{89492629-92D3-4CF0-8869-97522D5B8133}.Debug|Any CPU.Build.0 = Debug|Any CPU
		{89492629-92D3-4CF0-8869-97522D5B8133}.Debug|x64.ActiveCfg = Debug|Any CPU
		{89492629-92D3-4CF0-8869-97522D5B8133}.Debug|x64.Build.0 = Debug|Any CPU
		{89492629-92D3-4CF0-8869-97522D5B8133}.Debug|x86.ActiveCfg = Debug|Any CPU
		{89492629-92D3-4CF0-8869-97522D5B8133}.Debug|x86.Build.0 = Debug|Any CPU
		{89492629-92D3-4CF0-8869-97522D5B8133}.Release|Any CPU.ActiveCfg = Release|Any CPU
		{89492629-92D3-4CF0-8869-97522D5B8133}.Release|Any CPU.Build.0 = Release|Any CPU
		{89492629-92D3-4CF0-8869-97522D5B8133}.Release|x64.ActiveCfg = Release|Any CPU
		{89492629-92D3-4CF0-8869-97522D5B8133}.Release|x64.Build.0 = Release|Any CPU
		{89492629-92D3-4CF0-8869-97522D5B8133}.Release|x86.ActiveCfg = Release|Any CPU
		{89492629-92D3-4CF0-8869-97522D5B8133}.Release|x86.Build.0 = Release|Any CPU
		{B164DDD6-7B11-487B-A4AB-FDADA0BCE12E}.Debug|Any CPU.ActiveCfg = Debug|Any CPU
		{B164DDD6-7B11-487B-A4AB-FDADA0BCE12E}.Debug|Any CPU.Build.0 = Debug|Any CPU
		{B164DDD6-7B11-487B-A4AB-FDADA0BCE12E}.Debug|x64.ActiveCfg = Debug|Any CPU
		{B164DDD6-7B11-487B-A4AB-FDADA0BCE12E}.Debug|x64.Build.0 = Debug|Any CPU
		{B164DDD6-7B11-487B-A4AB-FDADA0BCE12E}.Debug|x86.ActiveCfg = Debug|Any CPU
		{B164DDD6-7B11-487B-A4AB-FDADA0BCE12E}.Debug|x86.Build.0 = Debug|Any CPU
		{B164DDD6-7B11-487B-A4AB-FDADA0BCE12E}.Release|Any CPU.ActiveCfg = Release|Any CPU
		{B164DDD6-7B11-487B-A4AB-FDADA0BCE12E}.Release|Any CPU.Build.0 = Release|Any CPU
		{B164DDD6-7B11-487B-A4AB-FDADA0BCE12E}.Release|x64.ActiveCfg = Release|Any CPU
		{B164DDD6-7B11-487B-A4AB-FDADA0BCE12E}.Release|x64.Build.0 = Release|Any CPU
		{B164DDD6-7B11-487B-A4AB-FDADA0BCE12E}.Release|x86.ActiveCfg = Release|Any CPU
		{B164DDD6-7B11-487B-A4AB-FDADA0BCE12E}.Release|x86.Build.0 = Release|Any CPU
	EndGlobalSection
	GlobalSection(SolutionProperties) = preSolution
		HideSolutionNode = FALSE
	EndGlobalSection
	GlobalSection(NestedProjects) = preSolution
		{CCDFF5E8-7928-85AD-BE6A-3DEBDB9A65A3} = {4F52FD11-658E-A102-6CD3-7D7C16FFA15B}
		{B9F93C04-41DE-47A2-BFE6-AF17F8C08A7A} = {CCDFF5E8-7928-85AD-BE6A-3DEBDB9A65A3}
		{B7CBAC9C-9C7C-B494-5807-32D9AB93D325} = {4F52FD11-658E-A102-6CD3-7D7C16FFA15B}
		{B5D01F3B-B5D2-4A40-8757-69E7CC16B644} = {B7CBAC9C-9C7C-B494-5807-32D9AB93D325}
		{252BF088-76D5-E31C-DF08-248CF22F93A1} = {4F52FD11-658E-A102-6CD3-7D7C16FFA15B}
		{60EAECAE-DAC7-4B72-A02B-D6DA98F74C2E} = {252BF088-76D5-E31C-DF08-248CF22F93A1}
		{C96BDDF0-0AEC-3BE5-E0BE-9BBD7D9C5E6B} = {29D32214-2079-75AA-EF17-0424BCFD9110}
		{6E6CCA00-6787-4203-833C-1A5AB719A88C} = {C96BDDF0-0AEC-3BE5-E0BE-9BBD7D9C5E6B}
		{1FCAD899-34D9-91C5-ED1B-780A4BA94449} = {29D32214-2079-75AA-EF17-0424BCFD9110}
		{40E81F11-163F-4C86-AC12-4944BBEC09F1} = {1FCAD899-34D9-91C5-ED1B-780A4BA94449}
		{B913921E-83B3-8D97-1401-0E9DFB772469} = {29D32214-2079-75AA-EF17-0424BCFD9110}
		{75D1A16D-E268-4BB6-8517-B30BE916FDBE} = {B913921E-83B3-8D97-1401-0E9DFB772469}
		{4B52D914-9108-475C-D60A-EF31F31994EB} = {83CBC5B4-3F28-E248-783F-9139B0F9C9FC}
		{72B4DAE4-EB48-4E0E-A82A-C6FAA8A9178A} = {4B52D914-9108-475C-D60A-EF31F31994EB}
		{9840865C-67F8-967F-A55B-D2BCC085AA3D} = {83CBC5B4-3F28-E248-783F-9139B0F9C9FC}
		{E340DBEB-12E5-4FA0-A58C-8CBAB16720C9} = {9840865C-67F8-967F-A55B-D2BCC085AA3D}
		{CAC8091A-5FC4-5033-4F84-97E764C35482} = {83CBC5B4-3F28-E248-783F-9139B0F9C9FC}
		{E35879C7-A172-4DD2-99AC-5C2AE2858B14} = {CAC8091A-5FC4-5033-4F84-97E764C35482}
		{89C18D54-5123-F20E-C936-47A14EAE78EE} = {8649D740-6EDB-32D0-EF10-25489DD5C296}
		{CA1E7066-FDA6-4C73-A013-786AD36B07A6} = {89C18D54-5123-F20E-C936-47A14EAE78EE}
		{3981AE25-65BB-3270-F33B-CA7F3CBA820D} = {8649D740-6EDB-32D0-EF10-25489DD5C296}
		{1964A103-BF4F-4025-9128-0F84E30BF9AF} = {3981AE25-65BB-3270-F33B-CA7F3CBA820D}
		{A02D1DB7-5F87-A098-EE03-9D986C003F8D} = {8649D740-6EDB-32D0-EF10-25489DD5C296}
		{AAF5FAE7-FB09-4A5F-94A8-0A5ED95A2769} = {A02D1DB7-5F87-A098-EE03-9D986C003F8D}
		{DE037F90-9D42-6B67-682B-05894027C123} = {2872C57C-0A6A-5974-E2F3-47EE2F97822D}
		{B8962FEA-8B33-405D-A2C3-A7FF32541426} = {DE037F90-9D42-6B67-682B-05894027C123}
		{09D68147-6983-047E-61AB-E4DE26EBBFC8} = {2872C57C-0A6A-5974-E2F3-47EE2F97822D}
		{2D4763A3-F648-4C1B-A962-4AA3A4F13A90} = {09D68147-6983-047E-61AB-E4DE26EBBFC8}
		{92BBD074-5287-FBC1-9269-932679AABE94} = {2872C57C-0A6A-5974-E2F3-47EE2F97822D}
		{C4E2744C-443B-405D-9AD1-224CEF3A7BF0} = {92BBD074-5287-FBC1-9269-932679AABE94}
		{73E9C1DF-C184-A022-1F18-5B27E3B01EA5} = {9807E72F-FC47-1774-BC4C-DDC481348634}
		{565E5FA7-5F86-4741-A76E-C95215112971} = {73E9C1DF-C184-A022-1F18-5B27E3B01EA5}
		{719DCE6F-AED7-F8C7-D04A-B6B4E6474A0A} = {9807E72F-FC47-1774-BC4C-DDC481348634}
		{89492629-92D3-4CF0-8869-97522D5B8133} = {719DCE6F-AED7-F8C7-D04A-B6B4E6474A0A}
		{BC3FA5C0-D148-459F-5EF3-CE29C4C6A6CB} = {9807E72F-FC47-1774-BC4C-DDC481348634}
		{B164DDD6-7B11-487B-A4AB-FDADA0BCE12E} = {BC3FA5C0-D148-459F-5EF3-CE29C4C6A6CB}
	EndGlobalSection
EndGlobal
