<Solution>
  <Folder Name="/backend/">
    <Project Path="backend/LanguageWise.QuestsAchievementsNotificationsService.Api/LanguageWise.QuestsAchievementsNotificationsService.Api.csproj" />
  </Folder>
  <Folder Name="/database/">
    <File Path="database/Dockerfile" />
    <File Path="database/sql/schema.sql" />
    <File Path="database/sql/seed.sql" />
  </Folder>
  <Folder Name="/tests/">
    <Project Path="tests/LanguageWise.QuestsAchievementsNotificationsService.Api.Tests/LanguageWise.QuestsAchievementsNotificationsService.Api.Tests.csproj" />
    <File Path="tests/LanguageWise.QuestsAchievementsNotificationsService.Api.Tests/docker-compose.integration.yml" />
  </Folder>
  <Folder Name="/frontend/">
    <File Path="frontend/index.html" />
    <File Path="frontend/nginx.conf" />
  </Folder>
</Solution>
