<Solution>
  <Folder Name="/backend/">
    <Project Path="backend/LanguageWise.Shared.Api/LanguageWise.Shared.Api.csproj" />
  </Folder>
  <Folder Name="/database/">
    <Project Path="database/LanguageWise.Shared.Db/LanguageWise.Shared.Db.csproj" />
  </Folder>
  <Folder Name="/tests/">
    <Project Path="tests/LanguageWise.Shared.Api.Tests/LanguageWise.Shared.Api.Tests.csproj" />
  </Folder>
  <Folder Name="/frontend/">
    <File Path="frontend/package.json" />
    <File Path="frontend/index.html" />
    <File Path="frontend/nginx.conf" />
    <File Path="frontend/src/App.vue" />
    <File Path="frontend/src/main.ts" />
    <File Path="frontend/src/styles.css" />
    <File Path="frontend/vite.config.ts" />
  </Folder>
</Solution>
