<Solution>
  <Folder Name="/backend/">
    <Project Path="backend/LanguageWise.LeaderboardAnalyticsService.Api/LanguageWise.LeaderboardAnalyticsService.Api.csproj" />
    <File Path="backend/Dockerfile" />
  </Folder>
  <Folder Name="/tests/">
    <Project Path="tests/LanguageWise.LeaderboardAnalyticsService.Api.Tests/LanguageWise.LeaderboardAnalyticsService.Api.Tests.csproj" />
  </Folder>
</Solution>
